
Microsoft Visual Studio Solution File, Format Version 12.00
# Visual Studio 2013
VisualStudioVersion = 12.0.30501.0
MinimumVisualStudioVersion = 10.0.40219.1
Project("{2150E333-8FDC-42A3-9474-1A3956D46DE8}") = "WinXamlSample", "WinXamlSample", "{FCA220E6-31B1-42FB-AF2C-B0BF11175327}"
EndProject
Project("{FAE04EC0-301F-11D3-BF4B-00C04F79EFBC}") = "WinXamlProvider.Windows", "WinXamlSample\WinXamlProvider.Windows\WinXamlProvider.Windows.csproj", "{BE767BB7-7D30-4D1A-BC2C-82A565077565}"
EndProject
Project("{FAE04EC0-301F-11D3-BF4B-00C04F79EFBC}") = "WinXamlProvider.WindowsPhone", "WinXamlSample\WinXamlProvider.WindowsPhone\WinXamlProvider.WindowsPhone.csproj", "{F8B76040-ABBB-4E21-8F48-4F2CA4B6D634}"
	ProjectSection(ProjectDependencies) = postProject
		{906E7121-E056-4C9F-AF97-7898A46F018B} = {906E7121-E056-4C9F-AF97-7898A46F018B}
		{C84B7E49-F8D8-4128-BA1B-51863A1A8B6D} = {C84B7E49-F8D8-4128-BA1B-51863A1A8B6D}
	EndProjectSection
EndProject
Project("{D954291E-2A0B-460D-934E-DC6B0785DB48}") = "WinXamlProvider.Shared", "WinXamlSample\WinXamlProvider.Shared\WinXamlProvider.Shared.shproj", "{2C5DA34D-EDB7-453A-A360-7D02F2981227}"
EndProject
Project("{F2A71F9B-5D33-465A-A702-920D77279786}") = "WinXamlProvider", "WinXamlProvider\WinXamlProvider.fsproj", "{C84B7E49-F8D8-4128-BA1B-51863A1A8B6D}"
EndProject
Project("{F2A71F9B-5D33-465A-A702-920D77279786}") = "WinXamlProvider.Lib", "WinXamlProvider.Lib\WinXamlProvider.Lib.fsproj", "{906E7121-E056-4C9F-AF97-7898A46F018B}"
EndProject
Project("{FAE04EC0-301F-11D3-BF4B-00C04F79EFBC}") = "MakeElement", "MakeElement\MakeElement.csproj", "{51E24897-B76A-46BD-AF32-FDB1DD1E1C2C}"
EndProject
Project("{FAE04EC0-301F-11D3-BF4B-00C04F79EFBC}") = "WinXamlProvider.WinRT", "WinXamlProvider.WinRT\WinXamlProvider.WinRT.csproj", "{5F438750-BBE7-4487-9623-C45A6A630A46}"
EndProject
Project("{2150E333-8FDC-42A3-9474-1A3956D46DE8}") = "doc", "doc", "{C8ABC1B8-569A-4F2C-A38A-97078671A75D}"
	ProjectSection(SolutionItems) = preProject
		README.md = README.md
	EndProjectSection
EndProject
Project("{2150E333-8FDC-42A3-9474-1A3956D46DE8}") = ".nuget", ".nuget", "{3DDE68BC-4284-49DA-9F63-00591B5F4BB1}"
	ProjectSection(SolutionItems) = preProject
		.nuget\NuGet.Config = .nuget\NuGet.Config
		.nuget\NuGet.exe = .nuget\NuGet.exe
		.nuget\NuGet.targets = .nuget\NuGet.targets
	EndProjectSection
EndProject
Project("{2150E333-8FDC-42A3-9474-1A3956D46DE8}") = "nuget", "nuget", "{F2C70883-54A4-4ABA-A054-ACE620BDB3D3}"
EndProject
Global
	GlobalSection(SharedMSBuildProjectFiles) = preSolution
		WinXamlSample\WinXamlProvider.Shared\WinXamlProvider.Shared.projitems*{2c5da34d-edb7-453a-a360-7d02f2981227}*SharedItemsImports = 13
		WinXamlSample\WinXamlProvider.Shared\WinXamlProvider.Shared.projitems*{f8b76040-abbb-4e21-8f48-4f2ca4b6d634}*SharedItemsImports = 4
		WinXamlSample\WinXamlProvider.Shared\WinXamlProvider.Shared.projitems*{be767bb7-7d30-4d1a-bc2c-82a565077565}*SharedItemsImports = 4
	EndGlobalSection
	GlobalSection(SolutionConfigurationPlatforms) = preSolution
		Debug|Any CPU = Debug|Any CPU
		Debug|ARM = Debug|ARM
		Debug|x64 = Debug|x64
		Debug|x86 = Debug|x86
		Release|Any CPU = Release|Any CPU
		Release|ARM = Release|ARM
		Release|x64 = Release|x64
		Release|x86 = Release|x86
	EndGlobalSection
	GlobalSection(ProjectConfigurationPlatforms) = postSolution
		{BE767BB7-7D30-4D1A-BC2C-82A565077565}.Debug|Any CPU.ActiveCfg = Debug|Any CPU
		{BE767BB7-7D30-4D1A-BC2C-82A565077565}.Debug|Any CPU.Build.0 = Debug|Any CPU
		{BE767BB7-7D30-4D1A-BC2C-82A565077565}.Debug|Any CPU.Deploy.0 = Debug|Any CPU
		{BE767BB7-7D30-4D1A-BC2C-82A565077565}.Debug|ARM.ActiveCfg = Debug|ARM
		{BE767BB7-7D30-4D1A-BC2C-82A565077565}.Debug|ARM.Build.0 = Debug|ARM
		{BE767BB7-7D30-4D1A-BC2C-82A565077565}.Debug|ARM.Deploy.0 = Debug|ARM
		{BE767BB7-7D30-4D1A-BC2C-82A565077565}.Debug|x64.ActiveCfg = Debug|x64
		{BE767BB7-7D30-4D1A-BC2C-82A565077565}.Debug|x64.Build.0 = Debug|x64
		{BE767BB7-7D30-4D1A-BC2C-82A565077565}.Debug|x64.Deploy.0 = Debug|x64
		{BE767BB7-7D30-4D1A-BC2C-82A565077565}.Debug|x86.ActiveCfg = Debug|x86
		{BE767BB7-7D30-4D1A-BC2C-82A565077565}.Debug|x86.Build.0 = Debug|x86
		{BE767BB7-7D30-4D1A-BC2C-82A565077565}.Debug|x86.Deploy.0 = Debug|x86
		{BE767BB7-7D30-4D1A-BC2C-82A565077565}.Release|Any CPU.ActiveCfg = Release|Any CPU
		{BE767BB7-7D30-4D1A-BC2C-82A565077565}.Release|Any CPU.Build.0 = Release|Any CPU
		{BE767BB7-7D30-4D1A-BC2C-82A565077565}.Release|Any CPU.Deploy.0 = Release|Any CPU
		{BE767BB7-7D30-4D1A-BC2C-82A565077565}.Release|ARM.ActiveCfg = Release|ARM
		{BE767BB7-7D30-4D1A-BC2C-82A565077565}.Release|ARM.Build.0 = Release|ARM
		{BE767BB7-7D30-4D1A-BC2C-82A565077565}.Release|ARM.Deploy.0 = Release|ARM
		{BE767BB7-7D30-4D1A-BC2C-82A565077565}.Release|x64.ActiveCfg = Release|x64
		{BE767BB7-7D30-4D1A-BC2C-82A565077565}.Release|x64.Build.0 = Release|x64
		{BE767BB7-7D30-4D1A-BC2C-82A565077565}.Release|x64.Deploy.0 = Release|x64
		{BE767BB7-7D30-4D1A-BC2C-82A565077565}.Release|x86.ActiveCfg = Release|x86
		{BE767BB7-7D30-4D1A-BC2C-82A565077565}.Release|x86.Build.0 = Release|x86
		{BE767BB7-7D30-4D1A-BC2C-82A565077565}.Release|x86.Deploy.0 = Release|x86
		{F8B76040-ABBB-4E21-8F48-4F2CA4B6D634}.Debug|Any CPU.ActiveCfg = Debug|Any CPU
		{F8B76040-ABBB-4E21-8F48-4F2CA4B6D634}.Debug|Any CPU.Build.0 = Debug|Any CPU
		{F8B76040-ABBB-4E21-8F48-4F2CA4B6D634}.Debug|Any CPU.Deploy.0 = Debug|Any CPU
		{F8B76040-ABBB-4E21-8F48-4F2CA4B6D634}.Debug|ARM.ActiveCfg = Debug|ARM
		{F8B76040-ABBB-4E21-8F48-4F2CA4B6D634}.Debug|ARM.Build.0 = Debug|ARM
		{F8B76040-ABBB-4E21-8F48-4F2CA4B6D634}.Debug|ARM.Deploy.0 = Debug|ARM
		{F8B76040-ABBB-4E21-8F48-4F2CA4B6D634}.Debug|x64.ActiveCfg = Debug|Any CPU
		{F8B76040-ABBB-4E21-8F48-4F2CA4B6D634}.Debug|x86.ActiveCfg = Debug|x86
		{F8B76040-ABBB-4E21-8F48-4F2CA4B6D634}.Debug|x86.Build.0 = Debug|x86
		{F8B76040-ABBB-4E21-8F48-4F2CA4B6D634}.Debug|x86.Deploy.0 = Debug|x86
		{F8B76040-ABBB-4E21-8F48-4F2CA4B6D634}.Release|Any CPU.ActiveCfg = Release|Any CPU
		{F8B76040-ABBB-4E21-8F48-4F2CA4B6D634}.Release|Any CPU.Build.0 = Release|Any CPU
		{F8B76040-ABBB-4E21-8F48-4F2CA4B6D634}.Release|Any CPU.Deploy.0 = Release|Any CPU
		{F8B76040-ABBB-4E21-8F48-4F2CA4B6D634}.Release|ARM.ActiveCfg = Release|ARM
		{F8B76040-ABBB-4E21-8F48-4F2CA4B6D634}.Release|ARM.Build.0 = Release|ARM
		{F8B76040-ABBB-4E21-8F48-4F2CA4B6D634}.Release|ARM.Deploy.0 = Release|ARM
		{F8B76040-ABBB-4E21-8F48-4F2CA4B6D634}.Release|x64.ActiveCfg = Release|Any CPU
		{F8B76040-ABBB-4E21-8F48-4F2CA4B6D634}.Release|x86.ActiveCfg = Release|x86
		{F8B76040-ABBB-4E21-8F48-4F2CA4B6D634}.Release|x86.Build.0 = Release|x86
		{F8B76040-ABBB-4E21-8F48-4F2CA4B6D634}.Release|x86.Deploy.0 = Release|x86
		{C84B7E49-F8D8-4128-BA1B-51863A1A8B6D}.Debug|Any CPU.ActiveCfg = Debug|Any CPU
		{C84B7E49-F8D8-4128-BA1B-51863A1A8B6D}.Debug|Any CPU.Build.0 = Debug|Any CPU
		{C84B7E49-F8D8-4128-BA1B-51863A1A8B6D}.Debug|ARM.ActiveCfg = Debug|Any CPU
		{C84B7E49-F8D8-4128-BA1B-51863A1A8B6D}.Debug|x64.ActiveCfg = Debug|Any CPU
		{C84B7E49-F8D8-4128-BA1B-51863A1A8B6D}.Debug|x86.ActiveCfg = Debug|Any CPU
		{C84B7E49-F8D8-4128-BA1B-51863A1A8B6D}.Release|Any CPU.ActiveCfg = Release|Any CPU
		{C84B7E49-F8D8-4128-BA1B-51863A1A8B6D}.Release|Any CPU.Build.0 = Release|Any CPU
		{C84B7E49-F8D8-4128-BA1B-51863A1A8B6D}.Release|ARM.ActiveCfg = Release|Any CPU
		{C84B7E49-F8D8-4128-BA1B-51863A1A8B6D}.Release|x64.ActiveCfg = Release|Any CPU
		{C84B7E49-F8D8-4128-BA1B-51863A1A8B6D}.Release|x86.ActiveCfg = Release|Any CPU
		{906E7121-E056-4C9F-AF97-7898A46F018B}.Debug|Any CPU.ActiveCfg = Debug|Any CPU
		{906E7121-E056-4C9F-AF97-7898A46F018B}.Debug|Any CPU.Build.0 = Debug|Any CPU
		{906E7121-E056-4C9F-AF97-7898A46F018B}.Debug|ARM.ActiveCfg = Debug|Any CPU
		{906E7121-E056-4C9F-AF97-7898A46F018B}.Debug|x64.ActiveCfg = Debug|Any CPU
		{906E7121-E056-4C9F-AF97-7898A46F018B}.Debug|x86.ActiveCfg = Debug|Any CPU
		{906E7121-E056-4C9F-AF97-7898A46F018B}.Release|Any CPU.ActiveCfg = Release|Any CPU
		{906E7121-E056-4C9F-AF97-7898A46F018B}.Release|Any CPU.Build.0 = Release|Any CPU
		{906E7121-E056-4C9F-AF97-7898A46F018B}.Release|ARM.ActiveCfg = Release|Any CPU
		{906E7121-E056-4C9F-AF97-7898A46F018B}.Release|x64.ActiveCfg = Release|Any CPU
		{906E7121-E056-4C9F-AF97-7898A46F018B}.Release|x86.ActiveCfg = Release|Any CPU
		{51E24897-B76A-46BD-AF32-FDB1DD1E1C2C}.Debug|Any CPU.ActiveCfg = Debug|Any CPU
		{51E24897-B76A-46BD-AF32-FDB1DD1E1C2C}.Debug|Any CPU.Build.0 = Debug|Any CPU
		{51E24897-B76A-46BD-AF32-FDB1DD1E1C2C}.Debug|Any CPU.Deploy.0 = Debug|Any CPU
		{51E24897-B76A-46BD-AF32-FDB1DD1E1C2C}.Debug|ARM.ActiveCfg = Debug|ARM
		{51E24897-B76A-46BD-AF32-FDB1DD1E1C2C}.Debug|ARM.Build.0 = Debug|ARM
		{51E24897-B76A-46BD-AF32-FDB1DD1E1C2C}.Debug|ARM.Deploy.0 = Debug|ARM
		{51E24897-B76A-46BD-AF32-FDB1DD1E1C2C}.Debug|x64.ActiveCfg = Debug|x64
		{51E24897-B76A-46BD-AF32-FDB1DD1E1C2C}.Debug|x64.Build.0 = Debug|x64
		{51E24897-B76A-46BD-AF32-FDB1DD1E1C2C}.Debug|x64.Deploy.0 = Debug|x64
		{51E24897-B76A-46BD-AF32-FDB1DD1E1C2C}.Debug|x86.ActiveCfg = Debug|x86
		{51E24897-B76A-46BD-AF32-FDB1DD1E1C2C}.Debug|x86.Build.0 = Debug|x86
		{51E24897-B76A-46BD-AF32-FDB1DD1E1C2C}.Debug|x86.Deploy.0 = Debug|x86
		{51E24897-B76A-46BD-AF32-FDB1DD1E1C2C}.Release|Any CPU.ActiveCfg = Release|Any CPU
		{51E24897-B76A-46BD-AF32-FDB1DD1E1C2C}.Release|Any CPU.Build.0 = Release|Any CPU
		{51E24897-B76A-46BD-AF32-FDB1DD1E1C2C}.Release|Any CPU.Deploy.0 = Release|Any CPU
		{51E24897-B76A-46BD-AF32-FDB1DD1E1C2C}.Release|ARM.ActiveCfg = Release|ARM
		{51E24897-B76A-46BD-AF32-FDB1DD1E1C2C}.Release|ARM.Build.0 = Release|ARM
		{51E24897-B76A-46BD-AF32-FDB1DD1E1C2C}.Release|ARM.Deploy.0 = Release|ARM
		{51E24897-B76A-46BD-AF32-FDB1DD1E1C2C}.Release|x64.ActiveCfg = Release|x64
		{51E24897-B76A-46BD-AF32-FDB1DD1E1C2C}.Release|x64.Build.0 = Release|x64
		{51E24897-B76A-46BD-AF32-FDB1DD1E1C2C}.Release|x64.Deploy.0 = Release|x64
		{51E24897-B76A-46BD-AF32-FDB1DD1E1C2C}.Release|x86.ActiveCfg = Release|x86
		{51E24897-B76A-46BD-AF32-FDB1DD1E1C2C}.Release|x86.Build.0 = Release|x86
		{51E24897-B76A-46BD-AF32-FDB1DD1E1C2C}.Release|x86.Deploy.0 = Release|x86
		{5F438750-BBE7-4487-9623-C45A6A630A46}.Debug|Any CPU.ActiveCfg = Debug|Any CPU
		{5F438750-BBE7-4487-9623-C45A6A630A46}.Debug|Any CPU.Build.0 = Debug|Any CPU
		{5F438750-BBE7-4487-9623-C45A6A630A46}.Debug|ARM.ActiveCfg = Debug|ARM
		{5F438750-BBE7-4487-9623-C45A6A630A46}.Debug|ARM.Build.0 = Debug|ARM
		{5F438750-BBE7-4487-9623-C45A6A630A46}.Debug|x64.ActiveCfg = Debug|x64
		{5F438750-BBE7-4487-9623-C45A6A630A46}.Debug|x64.Build.0 = Debug|x64
		{5F438750-BBE7-4487-9623-C45A6A630A46}.Debug|x86.ActiveCfg = Debug|x86
		{5F438750-BBE7-4487-9623-C45A6A630A46}.Debug|x86.Build.0 = Debug|x86
		{5F438750-BBE7-4487-9623-C45A6A630A46}.Release|Any CPU.ActiveCfg = Release|Any CPU
		{5F438750-BBE7-4487-9623-C45A6A630A46}.Release|Any CPU.Build.0 = Release|Any CPU
		{5F438750-BBE7-4487-9623-C45A6A630A46}.Release|ARM.ActiveCfg = Release|ARM
		{5F438750-BBE7-4487-9623-C45A6A630A46}.Release|ARM.Build.0 = Release|ARM
		{5F438750-BBE7-4487-9623-C45A6A630A46}.Release|x64.ActiveCfg = Release|x64
		{5F438750-BBE7-4487-9623-C45A6A630A46}.Release|x64.Build.0 = Release|x64
		{5F438750-BBE7-4487-9623-C45A6A630A46}.Release|x86.ActiveCfg = Release|x86
		{5F438750-BBE7-4487-9623-C45A6A630A46}.Release|x86.Build.0 = Release|x86
	EndGlobalSection
	GlobalSection(SolutionProperties) = preSolution
		HideSolutionNode = FALSE
	EndGlobalSection
	GlobalSection(NestedProjects) = preSolution
		{BE767BB7-7D30-4D1A-BC2C-82A565077565} = {FCA220E6-31B1-42FB-AF2C-B0BF11175327}
		{F8B76040-ABBB-4E21-8F48-4F2CA4B6D634} = {FCA220E6-31B1-42FB-AF2C-B0BF11175327}
		{2C5DA34D-EDB7-453A-A360-7D02F2981227} = {FCA220E6-31B1-42FB-AF2C-B0BF11175327}
		{906E7121-E056-4C9F-AF97-7898A46F018B} = {FCA220E6-31B1-42FB-AF2C-B0BF11175327}
	EndGlobalSection
EndGlobal
